// !$*UTF8*$!
{
	archiveVersion = 1;
	classes = {
	};
	objectVersion = 55;
	objects = {

/* Begin PBXBuildFile section */
		5D3EBB55279C8A49003BB540 /* ProjTableViewCell.m in Sources */ = {isa = PBXBuildFile; fileRef = 5D3EBB54279C8A49003BB540 /* ProjTableViewCell.m */; };
		D51ABC3F279CF4C8001F955F /* UIView+Extension.m in Sources */ = {isa = PBXBuildFile; fileRef = D51ABC3E279CF4C8001F955F /* UIView+Extension.m */; };
		D5E6524C279BDCFC008E9AC2 /* AppDelegate.m in Sources */ = {isa = PBXBuildFile; fileRef = D5E6524B279BDCFC008E9AC2 /* AppDelegate.m */; };
		D5E65252279BDCFC008E9AC2 /* ViewController.m in Sources */ = {isa = PBXBuildFile; fileRef = D5E65251279BDCFC008E9AC2 /* ViewController.m */; };
		D5E65255279BDCFC008E9AC2 /* Main.storyboard in Resources */ = {isa = PBXBuildFile; fileRef = D5E65253279BDCFC008E9AC2 /* Main.storyboard */; };
		D5E65257279BDCFE008E9AC2 /* Assets.xcassets in Resources */ = {isa = PBXBuildFile; fileRef = D5E65256279BDCFE008E9AC2 /* Assets.xcassets */; };
		D5E6525A279BDCFE008E9AC2 /* LaunchScreen.storyboard in Resources */ = {isa = PBXBuildFile; fileRef = D5E65258279BDCFE008E9AC2 /* LaunchScreen.storyboard */; };
		D5E6525D279BDCFE008E9AC2 /* main.m in Sources */ = {isa = PBXBuildFile; fileRef = D5E6525C279BDCFE008E9AC2 /* main.m */; };
		D5E65265279BF3CF008E9AC2 /* ContainerViewController.m in Sources */ = {isa = PBXBuildFile; fileRef = D5E65264279BF3CF008E9AC2 /* ContainerViewController.m */; };
		D5E6526B279BF489008E9AC2 /* UIViewController+Extension.m in Sources */ = {isa = PBXBuildFile; fileRef = D5E6526A279BF489008E9AC2 /* UIViewController+Extension.m */; };
/* End PBXBuildFile section */

/* Begin PBXFileReference section */
		5D3EBB53279C8A49003BB540 /* ProjTableViewCell.h */ = {isa = PBXFileReference; lastKnownFileType = sourcecode.c.h; path = ProjTableViewCell.h; sourceTree = "<group>"; };
		5D3EBB54279C8A49003BB540 /* ProjTableViewCell.m */ = {isa = PBXFileReference; lastKnownFileType = sourcecode.c.objc; path = ProjTableViewCell.m; sourceTree = "<group>"; };
		D51ABC3D279CF4C8001F955F /* UIView+Extension.h */ = {isa = PBXFileReference; lastKnownFileType = sourcecode.c.h; path = "UIView+Extension.h"; sourceTree = "<group>"; };
		D51ABC3E279CF4C8001F955F /* UIView+Extension.m */ = {isa = PBXFileReference; lastKnownFileType = sourcecode.c.objc; path = "UIView+Extension.m"; sourceTree = "<group>"; };
		D5E65247279BDCFC008E9AC2 /* TableDemo.app */ = {isa = PBXFileReference; explicitFileType = wrapper.application; includeInIndex = 0; path = TableDemo.app; sourceTree = BUILT_PRODUCTS_DIR; };
		D5E6524A279BDCFC008E9AC2 /* AppDelegate.h */ = {isa = PBXFileReference; lastKnownFileType = sourcecode.c.h; path = AppDelegate.h; sourceTree = "<group>"; };
		D5E6524B279BDCFC008E9AC2 /* AppDelegate.m */ = {isa = PBXFileReference; lastKnownFileType = sourcecode.c.objc; path = AppDelegate.m; sourceTree = "<group>"; };
		D5E65250279BDCFC008E9AC2 /* ViewController.h */ = {isa = PBXFileReference; lastKnownFileType = sourcecode.c.h; path = ViewController.h; sourceTree = "<group>"; };
		D5E65251279BDCFC008E9AC2 /* ViewController.m */ = {isa = PBXFileReference; lastKnownFileType = sourcecode.c.objc; path = ViewController.m; sourceTree = "<group>"; };
		D5E65254279BDCFC008E9AC2 /* Base */ = {isa = PBXFileReference; lastKnownFileType = file.storyboard; name = Base; path = Base.lproj/Main.storyboard; sourceTree = "<group>"; };
		D5E65256279BDCFE008E9AC2 /* Assets.xcassets */ = {isa = PBXFileReference; lastKnownFileType = folder.assetcatalog; path = Assets.xcassets; sourceTree = "<group>"; };
		D5E65259279BDCFE008E9AC2 /* Base */ = {isa = PBXFileReference; lastKnownFileType = file.storyboard; name = Base; path = Base.lproj/LaunchScreen.storyboard; sourceTree = "<group>"; };
		D5E6525B279BDCFE008E9AC2 /* Info.plist */ = {isa = PBXFileReference; lastKnownFileType = text.plist.xml; path = Info.plist; sourceTree = "<group>"; };
		D5E6525C279BDCFE008E9AC2 /* main.m */ = {isa = PBXFileReference; lastKnownFileType = sourcecode.c.objc; path = main.m; sourceTree = "<group>"; };
		D5E65263279BF3CF008E9AC2 /* ContainerViewController.h */ = {isa = PBXFileReference; lastKnownFileType = sourcecode.c.h; path = ContainerViewController.h; sourceTree = "<group>"; };
		D5E65264279BF3CF008E9AC2 /* ContainerViewController.m */ = {isa = PBXFileReference; lastKnownFileType = sourcecode.c.objc; path = ContainerViewController.m; sourceTree = "<group>"; };
		D5E65269279BF489008E9AC2 /* UIViewController+Extension.h */ = {isa = PBXFileReference; lastKnownFileType = sourcecode.c.h; path = "UIViewController+Extension.h"; sourceTree = "<group>"; };
		D5E6526A279BF489008E9AC2 /* UIViewController+Extension.m */ = {isa = PBXFileReference; lastKnownFileType = sourcecode.c.objc; path = "UIViewController+Extension.m"; sourceTree = "<group>"; };
/* End PBXFileReference section */

/* Begin PBXFrameworksBuildPhase section */
		D5E65244279BDCFC008E9AC2 /* Frameworks */ = {
			isa = PBXFrameworksBuildPhase;
			buildActionMask = 2147483647;
			files = (
			);
			runOnlyForDeploymentPostprocessing = 0;
		};
/* End PBXFrameworksBuildPhase section */

/* Begin PBXGroup section */
		D5E6523E279BDCFC008E9AC2 = {
			isa = PBXGroup;
			children = (
				D5E65249279BDCFC008E9AC2 /* TableDemo */,
				D5E65248279BDCFC008E9AC2 /* Products */,
			);
			sourceTree = "<group>";
		};
		D5E65248279BDCFC008E9AC2 /* Products */ = {
			isa = PBXGroup;
			children = (
				D5E65247279BDCFC008E9AC2 /* TableDemo.app */,
			);
			name = Products;
			sourceTree = "<group>";
		};
		D5E65249279BDCFC008E9AC2 /* TableDemo */ = {
			isa = PBXGroup;
			children = (
				5D3EBB53279C8A49003BB540 /* ProjTableViewCell.h */,
				5D3EBB54279C8A49003BB540 /* ProjTableViewCell.m */,
				D5E6524A279BDCFC008E9AC2 /* AppDelegate.h */,
				D5E6524B279BDCFC008E9AC2 /* AppDelegate.m */,
				D5E65263279BF3CF008E9AC2 /* ContainerViewController.h */,
				D5E65264279BF3CF008E9AC2 /* ContainerViewController.m */,
				D5E65250279BDCFC008E9AC2 /* ViewController.h */,
				D5E65251279BDCFC008E9AC2 /* ViewController.m */,
				D5E65269279BF489008E9AC2 /* UIViewController+Extension.h */,
				D5E6526A279BF489008E9AC2 /* UIViewController+Extension.m */,
				D51ABC3D279CF4C8001F955F /* UIView+Extension.h */,
				D51ABC3E279CF4C8001F955F /* UIView+Extension.m */,
				D5E65253279BDCFC008E9AC2 /* Main.storyboard */,
				D5E65256279BDCFE008E9AC2 /* Assets.xcassets */,
				D5E65258279BDCFE008E9AC2 /* LaunchScreen.storyboard */,
				D5E6525B279BDCFE008E9AC2 /* Info.plist */,
				D5E6525C279BDCFE008E9AC2 /* main.m */,
			);
			path = TableDemo;
			sourceTree = "<group>";
		};
/* End PBXGroup section */

/* Begin PBXNativeTarget section */
		D5E65246279BDCFC008E9AC2 /* TableDemo */ = {
			isa = PBXNativeTarget;
			buildConfigurationList = D5E65260279BDCFE008E9AC2 /* Build configuration list for PBXNativeTarget "TableDemo" */;
			buildPhases = (
				D5E65243279BDCFC008E9AC2 /* Sources */,
				D5E65244279BDCFC008E9AC2 /* Frameworks */,
				D5E65245279BDCFC008E9AC2 /* Resources */,
			);
			buildRules = (
			);
			dependencies = (
			);
			name = TableDemo;
			productName = TableDemo;
			productReference = D5E65247279BDCFC008E9AC2 /* TableDemo.app */;
			productType = "com.apple.product-type.application";
		};
/* End PBXNativeTarget section */

/* Begin PBXProject section */
		D5E6523F279BDCFC008E9AC2 /* Project object */ = {
			isa = PBXProject;
			attributes = {
				BuildIndependentTargetsInParallel = 1;
				LastUpgradeCheck = 1320;
				TargetAttributes = {
					D5E65246279BDCFC008E9AC2 = {
						CreatedOnToolsVersion = 13.2.1;
					};
				};
			};
			buildConfigurationList = D5E65242279BDCFC008E9AC2 /* Build configuration list for PBXProject "TableDemo" */;
			compatibilityVersion = "Xcode 13.0";
			developmentRegion = en;
			hasScannedForEncodings = 0;
			knownRegions = (
				en,
				Base,
			);
			mainGroup = D5E6523E279BDCFC008E9AC2;
			productRefGroup = D5E65248279BDCFC008E9AC2 /* Products */;
			projectDirPath = "";
			projectRoot = "";
			targets = (
				D5E65246279BDCFC008E9AC2 /* TableDemo */,
			);
		};
/* End PBXProject section */

/* Begin PBXResourcesBuildPhase section */
		D5E65245279BDCFC008E9AC2 /* Resources */ = {
			isa = PBXResourcesBuildPhase;
			buildActionMask = 2147483647;
			files = (
				D5E6525A279BDCFE008E9AC2 /* LaunchScreen.storyboard in Resources */,
				D5E65257279BDCFE008E9AC2 /* Assets.xcassets in Resources */,
				D5E65255279BDCFC008E9AC2 /* Main.storyboard in Resources */,
			);
			runOnlyForDeploymentPostprocessing = 0;
		};
/* End PBXResourcesBuildPhase section */

/* Begin PBXSourcesBuildPhase section */
		D5E65243279BDCFC008E9AC2 /* Sources */ = {
			isa = PBXSourcesBuildPhase;
			buildActionMask = 2147483647;
			files = (
				D5E65252279BDCFC008E9AC2 /* ViewController.m in Sources */,
				D5E6524C279BDCFC008E9AC2 /* AppDelegate.m in Sources */,
				5D3EBB55279C8A49003BB540 /* ProjTableViewCell.m in Sources */,
				D51ABC3F279CF4C8001F955F /* UIView+Extension.m in Sources */,
				D5E65265279BF3CF008E9AC2 /* ContainerViewController.m in Sources */,
				D5E6526B279BF489008E9AC2 /* UIViewController+Extension.m in Sources */,
				D5E6525D279BDCFE008E9AC2 /* main.m in Sources */,
			);
			runOnlyForDeploymentPostprocessing = 0;
		};
/* End PBXSourcesBuildPhase section */

/* Begin PBXVariantGroup section */
		D5E65253279BDCFC008E9AC2 /* Main.storyboard */ = {
			isa = PBXVariantGroup;
			children = (
				D5E65254279BDCFC008E9AC2 /* Base */,
			);
			name = Main.storyboard;
			sourceTree = "<group>";
		};
		D5E65258279BDCFE008E9AC2 /* LaunchScreen.storyboard */ = {
			isa = PBXVariantGroup;
			children = (
				D5E65259279BDCFE008E9AC2 /* Base */,
			);
			name = LaunchScreen.storyboard;
			sourceTree = "<group>";
		};
/* End PBXVariantGroup section */

/* Begin XCBuildConfiguration section */
		D5E6525E279BDCFE008E9AC2 /* Debug */ = {
			isa = XCBuildConfiguration;
			buildSettings = {
				ALWAYS_SEARCH_USER_PATHS = NO;
				CLANG_ANALYZER_NONNULL = YES;
				CLANG_ANALYZER_NUMBER_OBJECT_CONVERSION = YES_AGGRESSIVE;
				CLANG_CXX_LANGUAGE_STANDARD = "gnu++17";
				CLANG_CXX_LIBRARY = "libc++";
				CLANG_ENABLE_MODULES = YES;
				CLANG_ENABLE_OBJC_ARC = YES;
				CLANG_ENABLE_OBJC_WEAK = YES;
				CLANG_WARN_BLOCK_CAPTURE_AUTORELEASING = YES;
				CLANG_WARN_BOOL_CONVERSION = YES;
				CLANG_WARN_COMMA = YES;
				CLANG_WARN_CONSTANT_CONVERSION = YES;
				CLANG_WARN_DEPRECATED_OBJC_IMPLEMENTATIONS = YES;
				CLANG_WARN_DIRECT_OBJC_ISA_USAGE = YES_ERROR;
				CLANG_WARN_DOCUMENTATION_COMMENTS = YES;
				CLANG_WARN_EMPTY_BODY = YES;
				CLANG_WARN_ENUM_CONVERSION = YES;
				CLANG_WARN_INFINITE_RECURSION = YES;
				CLANG_WARN_INT_CONVERSION = YES;
				CLANG_WARN_NON_LITERAL_NULL_CONVERSION = YES;
				CLANG_WARN_OBJC_IMPLICIT_RETAIN_SELF = YES;
				CLANG_WARN_OBJC_LITERAL_CONVERSION = YES;
				CLANG_WARN_OBJC_ROOT_CLASS = YES_ERROR;
				CLANG_WARN_QUOTED_INCLUDE_IN_FRAMEWORK_HEADER = YES;
				CLANG_WARN_RANGE_LOOP_ANALYSIS = YES;
				CLANG_WARN_STRICT_PROTOTYPES = YES;
				CLANG_WARN_SUSPICIOUS_MOVE = YES;
				CLANG_WARN_UNGUARDED_AVAILABILITY = YES_AGGRESSIVE;
				CLANG_WARN_UNREACHABLE_CODE = YES;
				CLANG_WARN__DUPLICATE_METHOD_MATCH = YES;
				COPY_PHASE_STRIP = NO;
				DEBUG_INFORMATION_FORMAT = dwarf;
				ENABLE_STRICT_OBJC_MSGSEND = YES;
				ENABLE_TESTABILITY = YES;
				GCC_C_LANGUAGE_STANDARD = gnu11;
				GCC_DYNAMIC_NO_PIC = NO;
				GCC_NO_COMMON_BLOCKS = YES;
				GCC_OPTIMIZATION_LEVEL = 0;
				GCC_PREPROCESSOR_DEFINITIONS = (
					"DEBUG=1",
					"$(inherited)",
				);
				GCC_WARN_64_TO_32_BIT_CONVERSION = YES;
				GCC_WARN_ABOUT_RETURN_TYPE = YES_ERROR;
				GCC_WARN_UNDECLARED_SELECTOR = YES;
				GCC_WARN_UNINITIALIZED_AUTOS = YES_AGGRESSIVE;
				GCC_WARN_UNUSED_FUNCTION = YES;
				GCC_WARN_UNUSED_VARIABLE = YES;
				IPHONEOS_DEPLOYMENT_TARGET = 15.2;
				MTL_ENABLE_DEBUG_INFO = INCLUDE_SOURCE;
				MTL_FAST_MATH = YES;
				ONLY_ACTIVE_ARCH = YES;
				SDKROOT = iphoneos;
			};
			name = Debug;
		};
		D5E6525F279BDCFE008E9AC2 /* Release */ = {
			isa = XCBuildConfiguration;
			buildSettings = {
				ALWAYS_SEARCH_USER_PATHS = NO;
				CLANG_ANALYZER_NONNULL = YES;
				CLANG_ANALYZER_NUMBER_OBJECT_CONVERSION = YES_AGGRESSIVE;
				CLANG_CXX_LANGUAGE_STANDARD = "gnu++17";
				CLANG_CXX_LIBRARY = "libc++";
				CLANG_ENABLE_MODULES = YES;
				CLANG_ENABLE_OBJC_ARC = YES;
				CLANG_ENABLE_OBJC_WEAK = YES;
				CLANG_WARN_BLOCK_CAPTURE_AUTORELEASING = YES;
				CLANG_WARN_BOOL_CONVERSION = YES;
				CLANG_WARN_COMMA = YES;
				CLANG_WARN_CONSTANT_CONVERSION = YES;
				CLANG_WARN_DEPRECATED_OBJC_IMPLEMENTATIONS = YES;
				CLANG_WARN_DIRECT_OBJC_ISA_USAGE = YES_ERROR;
				CLANG_WARN_DOCUMENTATION_COMMENTS = YES;
				CLANG_WARN_EMPTY_BODY = YES;
				CLANG_WARN_ENUM_CONVERSION = YES;
				CLANG_WARN_INFINITE_RECURSION = YES;
				CLANG_WARN_INT_CONVERSION = YES;
				CLANG_WARN_NON_LITERAL_NULL_CONVERSION = YES;
				CLANG_WARN_OBJC_IMPLICIT_RETAIN_SELF = YES;
				CLANG_WARN_OBJC_LITERAL_CONVERSION = YES;
				CLANG_WARN_OBJC_ROOT_CLASS = YES_ERROR;
				CLANG_WARN_QUOTED_INCLUDE_IN_FRAMEWORK_HEADER = YES;
				CLANG_WARN_RANGE_LOOP_ANALYSIS = YES;
				CLANG_WARN_STRICT_PROTOTYPES = YES;
				CLANG_WARN_SUSPICIOUS_MOVE = YES;
				CLANG_WARN_UNGUARDED_AVAILABILITY = YES_AGGRESSIVE;
				CLANG_WARN_UNREACHABLE_CODE = YES;
				CLANG_WARN__DUPLICATE_METHOD_MATCH = YES;
				COPY_PHASE_STRIP = NO;
				DEBUG_INFORMATION_FORMAT = "dwarf-with-dsym";
				ENABLE_NS_ASSERTIONS = NO;
				ENABLE_STRICT_OBJC_MSGSEND = YES;
				GCC_C_LANGUAGE_STANDARD = gnu11;
				GCC_NO_COMMON_BLOCKS = YES;
				GCC_WARN_64_TO_32_BIT_CONVERSION = YES;
				GCC_WARN_ABOUT_RETURN_TYPE = YES_ERROR;
				GCC_WARN_UNDECLARED_SELECTOR = YES;
				GCC_WARN_UNINITIALIZED_AUTOS = YES_AGGRESSIVE;
				GCC_WARN_UNUSED_FUNCTION = YES;
				GCC_WARN_UNUSED_VARIABLE = YES;
				IPHONEOS_DEPLOYMENT_TARGET = 15.2;
				MTL_ENABLE_DEBUG_INFO = NO;
				MTL_FAST_MATH = YES;
				SDKROOT = iphoneos;
				VALIDATE_PRODUCT = YES;
			};
			name = Release;
		};
		D5E65261279BDCFE008E9AC2 /* Debug */ = {
			isa = XCBuildConfiguration;
			buildSettings = {
				ASSETCATALOG_COMPILER_APPICON_NAME = AppIcon;
				ASSETCATALOG_COMPILER_GLOBAL_ACCENT_COLOR_NAME = AccentColor;
				CODE_SIGN_STYLE = Automatic;
				CURRENT_PROJECT_VERSION = 1;
				GENERATE_INFOPLIST_FILE = YES;
				INFOPLIST_FILE = TableDemo/Info.plist;
				INFOPLIST_KEY_UIApplicationSupportsIndirectInputEvents = YES;
				INFOPLIST_KEY_UILaunchStoryboardName = LaunchScreen;
				INFOPLIST_KEY_UISupportedInterfaceOrientations_iPad = "UIInterfaceOrientationPortrait UIInterfaceOrientationPortraitUpsideDown UIInterfaceOrientationLandscapeLeft UIInterfaceOrientationLandscapeRight";
				INFOPLIST_KEY_UISupportedInterfaceOrientations_iPhone = "UIInterfaceOrientationPortrait UIInterfaceOrientationLandscapeLeft UIInterfaceOrientationLandscapeRight";
				LD_RUNPATH_SEARCH_PATHS = (
					"$(inherited)",
					"@executable_path/Frameworks",
				);
				MARKETING_VERSION = 1.0;
				PRODUCT_BUNDLE_IDENTIFIER = com.yangpei.TableDemo;
				PRODUCT_NAME = "$(TARGET_NAME)";
				SWIFT_EMIT_LOC_STRINGS = YES;
				TARGETED_DEVICE_FAMILY = "1,2";
			};
			name = Debug;
		};
		D5E65262279BDCFE008E9AC2 /* Release */ = {
			isa = XCBuildConfiguration;
			buildSettings = {
				ASSETCATALOG_COMPILER_APPICON_NAME = AppIcon;
				ASSETCATALOG_COMPILER_GLOBAL_ACCENT_COLOR_NAME = AccentColor;
				CODE_SIGN_STYLE = Automatic;
				CURRENT_PROJECT_VERSION = 1;
				GENERATE_INFOPLIST_FILE = YES;
				INFOPLIST_FILE = TableDemo/Info.plist;
				INFOPLIST_KEY_UIApplicationSupportsIndirectInputEvents = YES;
				INFOPLIST_KEY_UILaunchStoryboardName = LaunchScreen;
				INFOPLIST_KEY_UISupportedInterfaceOrientations_iPad = "UIInterfaceOrientationPortrait UIInterfaceOrientationPortraitUpsideDown UIInterfaceOrientationLandscapeLeft UIInterfaceOrientationLandscapeRight";
				INFOPLIST_KEY_UISupportedInterfaceOrientations_iPhone = "UIInterfaceOrientationPortrait UIInterfaceOrientationLandscapeLeft UIInterfaceOrientationLandscapeRight";
				LD_RUNPATH_SEARCH_PATHS = (
					"$(inherited)",
					"@executable_path/Frameworks",
				);
				MARKETING_VERSION = 1.0;
				PRODUCT_BUNDLE_IDENTIFIER = com.yangpei.TableDemo;
				PRODUCT_NAME = "$(TARGET_NAME)";
				SWIFT_EMIT_LOC_STRINGS = YES;
				TARGETED_DEVICE_FAMILY = "1,2";
			};
			name = Release;
		};
/* End XCBuildConfiguration section */

/* Begin XCConfigurationList section */
		D5E65242279BDCFC008E9AC2 /* Build configuration list for PBXProject "TableDemo" */ = {
			isa = XCConfigurationList;
			buildConfigurations = (
				D5E6525E279BDCFE008E9AC2 /* Debug */,
				D5E6525F279BDCFE008E9AC2 /* Release */,
			);
			defaultConfigurationIsVisible = 0;
			defaultConfigurationName = Release;
		};
		D5E65260279BDCFE008E9AC2 /* Build configuration list for PBXNativeTarget "TableDemo" */ = {
			isa = XCConfigurationList;
			buildConfigurations = (
				D5E65261279BDCFE008E9AC2 /* Debug */,
				D5E65262279BDCFE008E9AC2 /* Release */,
			);
			defaultConfigurationIsVisible = 0;
			defaultConfigurationName = Release;
		};
/* End XCConfigurationList section */
	};
	rootObject = D5E6523F279BDCFC008E9AC2 /* Project object */;
}
